
Microsoft Visual Studio Solution File, Format Version 12.00
# Visual Studio 15
VisualStudioVersion = 15.0.26730.8
MinimumVisualStudioVersion = 10.0.40219.1
Project("{D954291E-2A0B-460D-934E-DC6B0785DB48}") = "MobileUI", "MobileUI\MobileUI\MobileUI.shproj", "{FD405E93-384F-4D88-9D0E-DE8CE23F0EC3}"
EndProject
Project("{FAE04EC0-301F-11D3-BF4B-00C04F79EFBC}") = "MobileUI.Android", "MobileUI\MobileUI.Android\MobileUI.Android.csproj", "{910615AB-4E30-4F39-B6A7-38511E6702EB}"
EndProject
Project("{FAE04EC0-301F-11D3-BF4B-00C04F79EFBC}") = "MobileUI.iOS", "MobileUI\MobileUI.iOS\MobileUI.iOS.csproj", "{C270BAE7-80FA-4085-88FA-D0EA7352C522}"
EndProject
Project("{FAE04EC0-301F-11D3-BF4B-00C04F79EFBC}") = "MobileUI.UWP", "MobileUI\MobileUI.UWP\MobileUI.UWP.csproj", "{4DB4124D-8FF9-467D-919D-E4C76B2748EC}"
EndProject
Project("{FAE04EC0-301F-11D3-BF4B-00C04F79EFBC}") = "MobileUI.Core", "MobileUI.Core\MobileUI.Core.csproj", "{AEC5DDFD-A75E-4F28-A875-4A365CAF74DC}"
EndProject
Global
	GlobalSection(SharedMSBuildProjectFiles) = preSolution
		MobileUI\MobileUI\MobileUI.projitems*{4db4124d-8ff9-467d-919d-e4c76b2748ec}*SharedItemsImports = 4
		MobileUI\MobileUI\MobileUI.projitems*{910615ab-4e30-4f39-b6a7-38511e6702eb}*SharedItemsImports = 4
		MobileUI\MobileUI\MobileUI.projitems*{c270bae7-80fa-4085-88fa-d0ea7352c522}*SharedItemsImports = 4
		MobileUI\MobileUI\MobileUI.projitems*{fd405e93-384f-4d88-9d0e-de8ce23f0ec3}*SharedItemsImports = 13
	EndGlobalSection
	GlobalSection(SolutionConfigurationPlatforms) = preSolution
		Ad-Hoc|Any CPU = Ad-Hoc|Any CPU
		Ad-Hoc|ARM = Ad-Hoc|ARM
		Ad-Hoc|iPhone = Ad-Hoc|iPhone
		Ad-Hoc|iPhoneSimulator = Ad-Hoc|iPhoneSimulator
		Ad-Hoc|x64 = Ad-Hoc|x64
		Ad-Hoc|x86 = Ad-Hoc|x86
		AppStore|Any CPU = AppStore|Any CPU
		AppStore|ARM = AppStore|ARM
		AppStore|iPhone = AppStore|iPhone
		AppStore|iPhoneSimulator = AppStore|iPhoneSimulator
		AppStore|x64 = AppStore|x64
		AppStore|x86 = AppStore|x86
		Debug|Any CPU = Debug|Any CPU
		Debug|ARM = Debug|ARM
		Debug|iPhone = Debug|iPhone
		Debug|iPhoneSimulator = Debug|iPhoneSimulator
		Debug|x64 = Debug|x64
		Debug|x86 = Debug|x86
		Release|Any CPU = Release|Any CPU
		Release|ARM = Release|ARM
		Release|iPhone = Release|iPhone
		Release|iPhoneSimulator = Release|iPhoneSimulator
		Release|x64 = Release|x64
		Release|x86 = Release|x86
	EndGlobalSection
	GlobalSection(ProjectConfigurationPlatforms) = postSolution
		{910615AB-4E30-4F39-B6A7-38511E6702EB}.Ad-Hoc|Any CPU.ActiveCfg = Release|Any CPU
		{910615AB-4E30-4F39-B6A7-38511E6702EB}.Ad-Hoc|Any CPU.Build.0 = Release|Any CPU
		{910615AB-4E30-4F39-B6A7-38511E6702EB}.Ad-Hoc|Any CPU.Deploy.0 = Release|Any CPU
		{910615AB-4E30-4F39-B6A7-38511E6702EB}.Ad-Hoc|ARM.ActiveCfg = Release|Any CPU
		{910615AB-4E30-4F39-B6A7-38511E6702EB}.Ad-Hoc|ARM.Build.0 = Release|Any CPU
		{910615AB-4E30-4F39-B6A7-38511E6702EB}.Ad-Hoc|ARM.Deploy.0 = Release|Any CPU
		{910615AB-4E30-4F39-B6A7-38511E6702EB}.Ad-Hoc|iPhone.ActiveCfg = Release|Any CPU
		{910615AB-4E30-4F39-B6A7-38511E6702EB}.Ad-Hoc|iPhone.Build.0 = Release|Any CPU
		{910615AB-4E30-4F39-B6A7-38511E6702EB}.Ad-Hoc|iPhone.Deploy.0 = Release|Any CPU
		{910615AB-4E30-4F39-B6A7-38511E6702EB}.Ad-Hoc|iPhoneSimulator.ActiveCfg = Release|Any CPU
		{910615AB-4E30-4F39-B6A7-38511E6702EB}.Ad-Hoc|iPhoneSimulator.Build.0 = Release|Any CPU
		{910615AB-4E30-4F39-B6A7-38511E6702EB}.Ad-Hoc|iPhoneSimulator.Deploy.0 = Release|Any CPU
		{910615AB-4E30-4F39-B6A7-38511E6702EB}.Ad-Hoc|x64.ActiveCfg = Release|Any CPU
		{910615AB-4E30-4F39-B6A7-38511E6702EB}.Ad-Hoc|x64.Build.0 = Release|Any CPU
		{910615AB-4E30-4F39-B6A7-38511E6702EB}.Ad-Hoc|x64.Deploy.0 = Release|Any CPU
		{910615AB-4E30-4F39-B6A7-38511E6702EB}.Ad-Hoc|x86.ActiveCfg = Release|Any CPU
		{910615AB-4E30-4F39-B6A7-38511E6702EB}.Ad-Hoc|x86.Build.0 = Release|Any CPU
		{910615AB-4E30-4F39-B6A7-38511E6702EB}.Ad-Hoc|x86.Deploy.0 = Release|Any CPU
		{910615AB-4E30-4F39-B6A7-38511E6702EB}.AppStore|Any CPU.ActiveCfg = Release|Any CPU
		{910615AB-4E30-4F39-B6A7-38511E6702EB}.AppStore|Any CPU.Build.0 = Release|Any CPU
		{910615AB-4E30-4F39-B6A7-38511E6702EB}.AppStore|Any CPU.Deploy.0 = Release|Any CPU
		{910615AB-4E30-4F39-B6A7-38511E6702EB}.AppStore|ARM.ActiveCfg = Release|Any CPU
		{910615AB-4E30-4F39-B6A7-38511E6702EB}.AppStore|ARM.Build.0 = Release|Any CPU
		{910615AB-4E30-4F39-B6A7-38511E6702EB}.AppStore|ARM.Deploy.0 = Release|Any CPU
		{910615AB-4E30-4F39-B6A7-38511E6702EB}.AppStore|iPhone.ActiveCfg = Release|Any CPU
		{910615AB-4E30-4F39-B6A7-38511E6702EB}.AppStore|iPhone.Build.0 = Release|Any CPU
		{910615AB-4E30-4F39-B6A7-38511E6702EB}.AppStore|iPhone.Deploy.0 = Release|Any CPU
		{910615AB-4E30-4F39-B6A7-38511E6702EB}.AppStore|iPhoneSimulator.ActiveCfg = Release|Any CPU
		{910615AB-4E30-4F39-B6A7-38511E6702EB}.AppStore|iPhoneSimulator.Build.0 = Release|Any CPU
		{910615AB-4E30-4F39-B6A7-38511E6702EB}.AppStore|iPhoneSimulator.Deploy.0 = Release|Any CPU
		{910615AB-4E30-4F39-B6A7-38511E6702EB}.AppStore|x64.ActiveCfg = Release|Any CPU
		{910615AB-4E30-4F39-B6A7-38511E6702EB}.AppStore|x64.Build.0 = Release|Any CPU
		{910615AB-4E30-4F39-B6A7-38511E6702EB}.AppStore|x64.Deploy.0 = Release|Any CPU
		{910615AB-4E30-4F39-B6A7-38511E6702EB}.AppStore|x86.ActiveCfg = Release|Any CPU
		{910615AB-4E30-4F39-B6A7-38511E6702EB}.AppStore|x86.Build.0 = Release|Any CPU
		{910615AB-4E30-4F39-B6A7-38511E6702EB}.AppStore|x86.Deploy.0 = Release|Any CPU
		{910615AB-4E30-4F39-B6A7-38511E6702EB}.Debug|Any CPU.ActiveCfg = Debug|Any CPU
		{910615AB-4E30-4F39-B6A7-38511E6702EB}.Debug|Any CPU.Build.0 = Debug|Any CPU
		{910615AB-4E30-4F39-B6A7-38511E6702EB}.Debug|Any CPU.Deploy.0 = Debug|Any CPU
		{910615AB-4E30-4F39-B6A7-38511E6702EB}.Debug|ARM.ActiveCfg = Debug|Any CPU
		{910615AB-4E30-4F39-B6A7-38511E6702EB}.Debug|ARM.Build.0 = Debug|Any CPU
		{910615AB-4E30-4F39-B6A7-38511E6702EB}.Debug|ARM.Deploy.0 = Debug|Any CPU
		{910615AB-4E30-4F39-B6A7-38511E6702EB}.Debug|iPhone.ActiveCfg = Debug|Any CPU
		{910615AB-4E30-4F39-B6A7-38511E6702EB}.Debug|iPhone.Build.0 = Debug|Any CPU
		{910615AB-4E30-4F39-B6A7-38511E6702EB}.Debug|iPhone.Deploy.0 = Debug|Any CPU
		{910615AB-4E30-4F39-B6A7-38511E6702EB}.Debug|iPhoneSimulator.ActiveCfg = Debug|Any CPU
		{910615AB-4E30-4F39-B6A7-38511E6702EB}.Debug|iPhoneSimulator.Build.0 = Debug|Any CPU
		{910615AB-4E30-4F39-B6A7-38511E6702EB}.Debug|iPhoneSimulator.Deploy.0 = Debug|Any CPU
		{910615AB-4E30-4F39-B6A7-38511E6702EB}.Debug|x64.ActiveCfg = Debug|Any CPU
		{910615AB-4E30-4F39-B6A7-38511E6702EB}.Debug|x64.Build.0 = Debug|Any CPU
		{910615AB-4E30-4F39-B6A7-38511E6702EB}.Debug|x64.Deploy.0 = Debug|Any CPU
		{910615AB-4E30-4F39-B6A7-38511E6702EB}.Debug|x86.ActiveCfg = Debug|Any CPU
		{910615AB-4E30-4F39-B6A7-38511E6702EB}.Debug|x86.Build.0 = Debug|Any CPU
		{910615AB-4E30-4F39-B6A7-38511E6702EB}.Debug|x86.Deploy.0 = Debug|Any CPU
		{910615AB-4E30-4F39-B6A7-38511E6702EB}.Release|Any CPU.ActiveCfg = Release|Any CPU
		{910615AB-4E30-4F39-B6A7-38511E6702EB}.Release|Any CPU.Build.0 = Release|Any CPU
		{910615AB-4E30-4F39-B6A7-38511E6702EB}.Release|Any CPU.Deploy.0 = Release|Any CPU
		{910615AB-4E30-4F39-B6A7-38511E6702EB}.Release|ARM.ActiveCfg = Release|Any CPU
		{910615AB-4E30-4F39-B6A7-38511E6702EB}.Release|ARM.Build.0 = Release|Any CPU
		{910615AB-4E30-4F39-B6A7-38511E6702EB}.Release|ARM.Deploy.0 = Release|Any CPU
		{910615AB-4E30-4F39-B6A7-38511E6702EB}.Release|iPhone.ActiveCfg = Release|Any CPU
		{910615AB-4E30-4F39-B6A7-38511E6702EB}.Release|iPhone.Build.0 = Release|Any CPU
		{910615AB-4E30-4F39-B6A7-38511E6702EB}.Release|iPhone.Deploy.0 = Release|Any CPU
		{910615AB-4E30-4F39-B6A7-38511E6702EB}.Release|iPhoneSimulator.ActiveCfg = Release|Any CPU
		{910615AB-4E30-4F39-B6A7-38511E6702EB}.Release|iPhoneSimulator.Build.0 = Release|Any CPU
		{910615AB-4E30-4F39-B6A7-38511E6702EB}.Release|iPhoneSimulator.Deploy.0 = Release|Any CPU
		{910615AB-4E30-4F39-B6A7-38511E6702EB}.Release|x64.ActiveCfg = Release|Any CPU
		{910615AB-4E30-4F39-B6A7-38511E6702EB}.Release|x64.Build.0 = Release|Any CPU
		{910615AB-4E30-4F39-B6A7-38511E6702EB}.Release|x64.Deploy.0 = Release|Any CPU
		{910615AB-4E30-4F39-B6A7-38511E6702EB}.Release|x86.ActiveCfg = Release|Any CPU
		{910615AB-4E30-4F39-B6A7-38511E6702EB}.Release|x86.Build.0 = Release|Any CPU
		{910615AB-4E30-4F39-B6A7-38511E6702EB}.Release|x86.Deploy.0 = Release|Any CPU
		{C270BAE7-80FA-4085-88FA-D0EA7352C522}.Ad-Hoc|Any CPU.ActiveCfg = Ad-Hoc|iPhone
		{C270BAE7-80FA-4085-88FA-D0EA7352C522}.Ad-Hoc|ARM.ActiveCfg = Ad-Hoc|iPhone
		{C270BAE7-80FA-4085-88FA-D0EA7352C522}.Ad-Hoc|iPhone.ActiveCfg = Ad-Hoc|iPhone
		{C270BAE7-80FA-4085-88FA-D0EA7352C522}.Ad-Hoc|iPhone.Build.0 = Ad-Hoc|iPhone
		{C270BAE7-80FA-4085-88FA-D0EA7352C522}.Ad-Hoc|iPhoneSimulator.ActiveCfg = Ad-Hoc|iPhoneSimulator
		{C270BAE7-80FA-4085-88FA-D0EA7352C522}.Ad-Hoc|iPhoneSimulator.Build.0 = Ad-Hoc|iPhoneSimulator
		{C270BAE7-80FA-4085-88FA-D0EA7352C522}.Ad-Hoc|x64.ActiveCfg = Ad-Hoc|iPhone
		{C270BAE7-80FA-4085-88FA-D0EA7352C522}.Ad-Hoc|x86.ActiveCfg = Ad-Hoc|iPhone
		{C270BAE7-80FA-4085-88FA-D0EA7352C522}.AppStore|Any CPU.ActiveCfg = AppStore|iPhone
		{C270BAE7-80FA-4085-88FA-D0EA7352C522}.AppStore|ARM.ActiveCfg = AppStore|iPhone
		{C270BAE7-80FA-4085-88FA-D0EA7352C522}.AppStore|iPhone.ActiveCfg = AppStore|iPhone
		{C270BAE7-80FA-4085-88FA-D0EA7352C522}.AppStore|iPhone.Build.0 = AppStore|iPhone
		{C270BAE7-80FA-4085-88FA-D0EA7352C522}.AppStore|iPhoneSimulator.ActiveCfg = AppStore|iPhoneSimulator
		{C270BAE7-80FA-4085-88FA-D0EA7352C522}.AppStore|iPhoneSimulator.Build.0 = AppStore|iPhoneSimulator
		{C270BAE7-80FA-4085-88FA-D0EA7352C522}.AppStore|x64.ActiveCfg = AppStore|iPhone
		{C270BAE7-80FA-4085-88FA-D0EA7352C522}.AppStore|x86.ActiveCfg = AppStore|iPhone
		{C270BAE7-80FA-4085-88FA-D0EA7352C522}.Debug|Any CPU.ActiveCfg = Debug|iPhone
		{C270BAE7-80FA-4085-88FA-D0EA7352C522}.Debug|ARM.ActiveCfg = Debug|iPhone
		{C270BAE7-80FA-4085-88FA-D0EA7352C522}.Debug|iPhone.ActiveCfg = Debug|iPhone
		{C270BAE7-80FA-4085-88FA-D0EA7352C522}.Debug|iPhone.Build.0 = Debug|iPhone
		{C270BAE7-80FA-4085-88FA-D0EA7352C522}.Debug|iPhoneSimulator.ActiveCfg = Debug|iPhoneSimulator
		{C270BAE7-80FA-4085-88FA-D0EA7352C522}.Debug|iPhoneSimulator.Build.0 = Debug|iPhoneSimulator
		{C270BAE7-80FA-4085-88FA-D0EA7352C522}.Debug|x64.ActiveCfg = Debug|iPhone
		{C270BAE7-80FA-4085-88FA-D0EA7352C522}.Debug|x86.ActiveCfg = Debug|iPhone
		{C270BAE7-80FA-4085-88FA-D0EA7352C522}.Release|Any CPU.ActiveCfg = Release|iPhone
		{C270BAE7-80FA-4085-88FA-D0EA7352C522}.Release|ARM.ActiveCfg = Release|iPhone
		{C270BAE7-80FA-4085-88FA-D0EA7352C522}.Release|iPhone.ActiveCfg = Release|iPhone
		{C270BAE7-80FA-4085-88FA-D0EA7352C522}.Release|iPhone.Build.0 = Release|iPhone
		{C270BAE7-80FA-4085-88FA-D0EA7352C522}.Release|iPhoneSimulator.ActiveCfg = Release|iPhoneSimulator
		{C270BAE7-80FA-4085-88FA-D0EA7352C522}.Release|iPhoneSimulator.Build.0 = Release|iPhoneSimulator
		{C270BAE7-80FA-4085-88FA-D0EA7352C522}.Release|x64.ActiveCfg = Release|iPhone
		{C270BAE7-80FA-4085-88FA-D0EA7352C522}.Release|x86.ActiveCfg = Release|iPhone
		{4DB4124D-8FF9-467D-919D-E4C76B2748EC}.Ad-Hoc|Any CPU.ActiveCfg = Release|x86
		{4DB4124D-8FF9-467D-919D-E4C76B2748EC}.Ad-Hoc|Any CPU.Build.0 = Release|x86
		{4DB4124D-8FF9-467D-919D-E4C76B2748EC}.Ad-Hoc|Any CPU.Deploy.0 = Release|x86
		{4DB4124D-8FF9-467D-919D-E4C76B2748EC}.Ad-Hoc|ARM.ActiveCfg = Release|ARM
		{4DB4124D-8FF9-467D-919D-E4C76B2748EC}.Ad-Hoc|ARM.Build.0 = Release|ARM
		{4DB4124D-8FF9-467D-919D-E4C76B2748EC}.Ad-Hoc|ARM.Deploy.0 = Release|ARM
		{4DB4124D-8FF9-467D-919D-E4C76B2748EC}.Ad-Hoc|iPhone.ActiveCfg = Release|x86
		{4DB4124D-8FF9-467D-919D-E4C76B2748EC}.Ad-Hoc|iPhone.Build.0 = Release|x86
		{4DB4124D-8FF9-467D-919D-E4C76B2748EC}.Ad-Hoc|iPhone.Deploy.0 = Release|x86
		{4DB4124D-8FF9-467D-919D-E4C76B2748EC}.Ad-Hoc|iPhoneSimulator.ActiveCfg = Release|x86
		{4DB4124D-8FF9-467D-919D-E4C76B2748EC}.Ad-Hoc|iPhoneSimulator.Build.0 = Release|x86
		{4DB4124D-8FF9-467D-919D-E4C76B2748EC}.Ad-Hoc|iPhoneSimulator.Deploy.0 = Release|x86
		{4DB4124D-8FF9-467D-919D-E4C76B2748EC}.Ad-Hoc|x64.ActiveCfg = Release|x64
		{4DB4124D-8FF9-467D-919D-E4C76B2748EC}.Ad-Hoc|x64.Build.0 = Release|x64
		{4DB4124D-8FF9-467D-919D-E4C76B2748EC}.Ad-Hoc|x64.Deploy.0 = Release|x64
		{4DB4124D-8FF9-467D-919D-E4C76B2748EC}.Ad-Hoc|x86.ActiveCfg = Release|x86
		{4DB4124D-8FF9-467D-919D-E4C76B2748EC}.Ad-Hoc|x86.Build.0 = Release|x86
		{4DB4124D-8FF9-467D-919D-E4C76B2748EC}.Ad-Hoc|x86.Deploy.0 = Release|x86
		{4DB4124D-8FF9-467D-919D-E4C76B2748EC}.AppStore|Any CPU.ActiveCfg = Release|x86
		{4DB4124D-8FF9-467D-919D-E4C76B2748EC}.AppStore|Any CPU.Build.0 = Release|x86
		{4DB4124D-8FF9-467D-919D-E4C76B2748EC}.AppStore|Any CPU.Deploy.0 = Release|x86
		{4DB4124D-8FF9-467D-919D-E4C76B2748EC}.AppStore|ARM.ActiveCfg = Release|ARM
		{4DB4124D-8FF9-467D-919D-E4C76B2748EC}.AppStore|ARM.Build.0 = Release|ARM
		{4DB4124D-8FF9-467D-919D-E4C76B2748EC}.AppStore|ARM.Deploy.0 = Release|ARM
		{4DB4124D-8FF9-467D-919D-E4C76B2748EC}.AppStore|iPhone.ActiveCfg = Release|x86
		{4DB4124D-8FF9-467D-919D-E4C76B2748EC}.AppStore|iPhone.Build.0 = Release|x86
		{4DB4124D-8FF9-467D-919D-E4C76B2748EC}.AppStore|iPhone.Deploy.0 = Release|x86
		{4DB4124D-8FF9-467D-919D-E4C76B2748EC}.AppStore|iPhoneSimulator.ActiveCfg = Release|x86
		{4DB4124D-8FF9-467D-919D-E4C76B2748EC}.AppStore|iPhoneSimulator.Build.0 = Release|x86
		{4DB4124D-8FF9-467D-919D-E4C76B2748EC}.AppStore|iPhoneSimulator.Deploy.0 = Release|x86
		{4DB4124D-8FF9-467D-919D-E4C76B2748EC}.AppStore|x64.ActiveCfg = Release|x64
		{4DB4124D-8FF9-467D-919D-E4C76B2748EC}.AppStore|x64.Build.0 = Release|x64
		{4DB4124D-8FF9-467D-919D-E4C76B2748EC}.AppStore|x64.Deploy.0 = Release|x64
		{4DB4124D-8FF9-467D-919D-E4C76B2748EC}.AppStore|x86.ActiveCfg = Release|x86
		{4DB4124D-8FF9-467D-919D-E4C76B2748EC}.AppStore|x86.Build.0 = Release|x86
		{4DB4124D-8FF9-467D-919D-E4C76B2748EC}.AppStore|x86.Deploy.0 = Release|x86
		{4DB4124D-8FF9-467D-919D-E4C76B2748EC}.Debug|Any CPU.ActiveCfg = Debug|x86
		{4DB4124D-8FF9-467D-919D-E4C76B2748EC}.Debug|ARM.ActiveCfg = Debug|ARM
		{4DB4124D-8FF9-467D-919D-E4C76B2748EC}.Debug|ARM.Build.0 = Debug|ARM
		{4DB4124D-8FF9-467D-919D-E4C76B2748EC}.Debug|ARM.Deploy.0 = Debug|ARM
		{4DB4124D-8FF9-467D-919D-E4C76B2748EC}.Debug|iPhone.ActiveCfg = Debug|x86
		{4DB4124D-8FF9-467D-919D-E4C76B2748EC}.Debug|iPhoneSimulator.ActiveCfg = Debug|x86
		{4DB4124D-8FF9-467D-919D-E4C76B2748EC}.Debug|x64.ActiveCfg = Debug|x64
		{4DB4124D-8FF9-467D-919D-E4C76B2748EC}.Debug|x64.Build.0 = Debug|x64
		{4DB4124D-8FF9-467D-919D-E4C76B2748EC}.Debug|x64.Deploy.0 = Debug|x64
		{4DB4124D-8FF9-467D-919D-E4C76B2748EC}.Debug|x86.ActiveCfg = Debug|x86
		{4DB4124D-8FF9-467D-919D-E4C76B2748EC}.Debug|x86.Build.0 = Debug|x86
		{4DB4124D-8FF9-467D-919D-E4C76B2748EC}.Debug|x86.Deploy.0 = Debug|x86
		{4DB4124D-8FF9-467D-919D-E4C76B2748EC}.Release|Any CPU.ActiveCfg = Release|x86
		{4DB4124D-8FF9-467D-919D-E4C76B2748EC}.Release|ARM.ActiveCfg = Release|ARM
		{4DB4124D-8FF9-467D-919D-E4C76B2748EC}.Release|ARM.Build.0 = Release|ARM
		{4DB4124D-8FF9-467D-919D-E4C76B2748EC}.Release|ARM.Deploy.0 = Release|ARM
		{4DB4124D-8FF9-467D-919D-E4C76B2748EC}.Release|iPhone.ActiveCfg = Release|x86
		{4DB4124D-8FF9-467D-919D-E4C76B2748EC}.Release|iPhoneSimulator.ActiveCfg = Release|x86
		{4DB4124D-8FF9-467D-919D-E4C76B2748EC}.Release|x64.ActiveCfg = Release|x64
		{4DB4124D-8FF9-467D-919D-E4C76B2748EC}.Release|x64.Build.0 = Release|x64
		{4DB4124D-8FF9-467D-919D-E4C76B2748EC}.Release|x64.Deploy.0 = Release|x64
		{4DB4124D-8FF9-467D-919D-E4C76B2748EC}.Release|x86.ActiveCfg = Release|x86
		{4DB4124D-8FF9-467D-919D-E4C76B2748EC}.Release|x86.Build.0 = Release|x86
		{4DB4124D-8FF9-467D-919D-E4C76B2748EC}.Release|x86.Deploy.0 = Release|x86
		{AEC5DDFD-A75E-4F28-A875-4A365CAF74DC}.Ad-Hoc|Any CPU.ActiveCfg = Release|Any CPU
		{AEC5DDFD-A75E-4F28-A875-4A365CAF74DC}.Ad-Hoc|Any CPU.Build.0 = Release|Any CPU
		{AEC5DDFD-A75E-4F28-A875-4A365CAF74DC}.Ad-Hoc|ARM.ActiveCfg = Release|Any CPU
		{AEC5DDFD-A75E-4F28-A875-4A365CAF74DC}.Ad-Hoc|ARM.Build.0 = Release|Any CPU
		{AEC5DDFD-A75E-4F28-A875-4A365CAF74DC}.Ad-Hoc|iPhone.ActiveCfg = Release|Any CPU
		{AEC5DDFD-A75E-4F28-A875-4A365CAF74DC}.Ad-Hoc|iPhone.Build.0 = Release|Any CPU
		{AEC5DDFD-A75E-4F28-A875-4A365CAF74DC}.Ad-Hoc|iPhoneSimulator.ActiveCfg = Release|Any CPU
		{AEC5DDFD-A75E-4F28-A875-4A365CAF74DC}.Ad-Hoc|iPhoneSimulator.Build.0 = Release|Any CPU
		{AEC5DDFD-A75E-4F28-A875-4A365CAF74DC}.Ad-Hoc|x64.ActiveCfg = Release|Any CPU
		{AEC5DDFD-A75E-4F28-A875-4A365CAF74DC}.Ad-Hoc|x64.Build.0 = Release|Any CPU
		{AEC5DDFD-A75E-4F28-A875-4A365CAF74DC}.Ad-Hoc|x86.ActiveCfg = Release|Any CPU
		{AEC5DDFD-A75E-4F28-A875-4A365CAF74DC}.Ad-Hoc|x86.Build.0 = Release|Any CPU
		{AEC5DDFD-A75E-4F28-A875-4A365CAF74DC}.AppStore|Any CPU.ActiveCfg = Release|Any CPU
		{AEC5DDFD-A75E-4F28-A875-4A365CAF74DC}.AppStore|Any CPU.Build.0 = Release|Any CPU
		{AEC5DDFD-A75E-4F28-A875-4A365CAF74DC}.AppStore|ARM.ActiveCfg = Release|Any CPU
		{AEC5DDFD-A75E-4F28-A875-4A365CAF74DC}.AppStore|ARM.Build.0 = Release|Any CPU
		{AEC5DDFD-A75E-4F28-A875-4A365CAF74DC}.AppStore|iPhone.ActiveCfg = Release|Any CPU
		{AEC5DDFD-A75E-4F28-A875-4A365CAF74DC}.AppStore|iPhone.Build.0 = Release|Any CPU
		{AEC5DDFD-A75E-4F28-A875-4A365CAF74DC}.AppStore|iPhoneSimulator.ActiveCfg = Release|Any CPU
		{AEC5DDFD-A75E-4F28-A875-4A365CAF74DC}.AppStore|iPhoneSimulator.Build.0 = Release|Any CPU
		{AEC5DDFD-A75E-4F28-A875-4A365CAF74DC}.AppStore|x64.ActiveCfg = Release|Any CPU
		{AEC5DDFD-A75E-4F28-A875-4A365CAF74DC}.AppStore|x64.Build.0 = Release|Any CPU
		{AEC5DDFD-A75E-4F28-A875-4A365CAF74DC}.AppStore|x86.ActiveCfg = Release|Any CPU
		{AEC5DDFD-A75E-4F28-A875-4A365CAF74DC}.AppStore|x86.Build.0 = Release|Any CPU
		{AEC5DDFD-A75E-4F28-A875-4A365CAF74DC}.Debug|Any CPU.ActiveCfg = Debug|Any CPU
		{AEC5DDFD-A75E-4F28-A875-4A365CAF74DC}.Debug|Any CPU.Build.0 = Debug|Any CPU
		{AEC5DDFD-A75E-4F28-A875-4A365CAF74DC}.Debug|ARM.ActiveCfg = Debug|Any CPU
		{AEC5DDFD-A75E-4F28-A875-4A365CAF74DC}.Debug|ARM.Build.0 = Debug|Any CPU
		{AEC5DDFD-A75E-4F28-A875-4A365CAF74DC}.Debug|iPhone.ActiveCfg = Debug|Any CPU
		{AEC5DDFD-A75E-4F28-A875-4A365CAF74DC}.Debug|iPhone.Build.0 = Debug|Any CPU
		{AEC5DDFD-A75E-4F28-A875-4A365CAF74DC}.Debug|iPhoneSimulator.ActiveCfg = Debug|Any CPU
		{AEC5DDFD-A75E-4F28-A875-4A365CAF74DC}.Debug|iPhoneSimulator.Build.0 = Debug|Any CPU
		{AEC5DDFD-A75E-4F28-A875-4A365CAF74DC}.Debug|x64.ActiveCfg = Debug|Any CPU
		{AEC5DDFD-A75E-4F28-A875-4A365CAF74DC}.Debug|x64.Build.0 = Debug|Any CPU
		{AEC5DDFD-A75E-4F28-A875-4A365CAF74DC}.Debug|x86.ActiveCfg = Debug|Any CPU
		{AEC5DDFD-A75E-4F28-A875-4A365CAF74DC}.Debug|x86.Build.0 = Debug|Any CPU
		{AEC5DDFD-A75E-4F28-A875-4A365CAF74DC}.Release|Any CPU.ActiveCfg = Release|Any CPU
		{AEC5DDFD-A75E-4F28-A875-4A365CAF74DC}.Release|Any CPU.Build.0 = Release|Any CPU
		{AEC5DDFD-A75E-4F28-A875-4A365CAF74DC}.Release|ARM.ActiveCfg = Release|Any CPU
		{AEC5DDFD-A75E-4F28-A875-4A365CAF74DC}.Release|ARM.Build.0 = Release|Any CPU
		{AEC5DDFD-A75E-4F28-A875-4A365CAF74DC}.Release|iPhone.ActiveCfg = Release|Any CPU
		{AEC5DDFD-A75E-4F28-A875-4A365CAF74DC}.Release|iPhone.Build.0 = Release|Any CPU
		{AEC5DDFD-A75E-4F28-A875-4A365CAF74DC}.Release|iPhoneSimulator.ActiveCfg = Release|Any CPU
		{AEC5DDFD-A75E-4F28-A875-4A365CAF74DC}.Release|iPhoneSimulator.Build.0 = Release|Any CPU
		{AEC5DDFD-A75E-4F28-A875-4A365CAF74DC}.Release|x64.ActiveCfg = Release|Any CPU
		{AEC5DDFD-A75E-4F28-A875-4A365CAF74DC}.Release|x64.Build.0 = Release|Any CPU
		{AEC5DDFD-A75E-4F28-A875-4A365CAF74DC}.Release|x86.ActiveCfg = Release|Any CPU
		{AEC5DDFD-A75E-4F28-A875-4A365CAF74DC}.Release|x86.Build.0 = Release|Any CPU
	EndGlobalSection
	GlobalSection(SolutionProperties) = preSolution
		HideSolutionNode = FALSE
	EndGlobalSection
	GlobalSection(ExtensibilityGlobals) = postSolution
		SolutionGuid = {5375CE66-6CCD-4839-9709-4B742A7A720D}
	EndGlobalSection
EndGlobal
